
Microsoft Visual Studio Solution File, Format Version 12.00
# Visual Studio Version 17
VisualStudioVersion = 17.10.35122.118
MinimumVisualStudioVersion = 10.0.40219.1
Project("{FAE04EC0-301F-11D3-BF4B-00C04F79EFBC}") = "RPA Challenge", "RPA Challenge\RPA Challenge.csproj", "{79A163F8-B890-4AD2-9396-9620260A6774}"
EndProject
Global
	GlobalSection(SolutionConfigurationPlatforms) = preSolution
		Debug|Any CPU = Debug|Any CPU
		Release|Any CPU = Release|Any CPU
	EndGlobalSection
	GlobalSection(ProjectConfigurationPlatforms) = postSolution
		{79A163F8-B890-4AD2-9396-9620260A6774}.Debug|Any CPU.ActiveCfg = Debug|Any CPU
		{79A163F8-B890-4AD2-9396-9620260A6774}.Debug|Any CPU.Build.0 = Debug|Any CPU
		{79A163F8-B890-4AD2-9396-9620260A6774}.Release|Any CPU.ActiveCfg = Release|Any CPU
		{79A163F8-B890-4AD2-9396-9620260A6774}.Release|Any CPU.Build.0 = Release|Any CPU
	EndGlobalSection
	GlobalSection(SolutionProperties) = preSolution
		HideSolutionNode = FALSE
	EndGlobalSection
	GlobalSection(ExtensibilityGlobals) = postSolution
		SolutionGuid = {D62208DE-2D05-4168-85B3-422362346DF5}
	EndGlobalSection
EndGlobal
